
Microsoft Visual Studio Solution File, Format Version 12.00
# Visual Studio Version 17
VisualStudioVersion = 17.7.34018.315
MinimumVisualStudioVersion = 10.0.40219.1
Project("{2150E333-8FDC-42A3-9474-1A3956D46DE8}") = "Services", "Services", "{0E4F28CB-1450-4BB5-A0E1-1F976E729267}"
EndProject
Project("{2150E333-8FDC-42A3-9474-1A3956D46DE8}") = "Catalog", "Catalog", "{376DC054-D523-4785-B2F2-F7D46C6CE5F2}"
EndProject
Project("{9A19103F-16F7-4668-BE54-9A1E7A4F7556}") = "Catalog.API", "Services\Catalog\Catalog.API\Catalog.API.csproj", "{80F45B77-4DEA-480C-9855-E81CB498B537}"
EndProject
Project("{E53339B2-1760-4266-BCC7-CA923CBCF16C}") = "docker-compose", "docker-compose.dcproj", "{C46D424A-1309-421E-879C-98E7374243BC}"
EndProject
Project("{2150E333-8FDC-42A3-9474-1A3956D46DE8}") = "Basket", "Basket", "{CE458DDF-6D0B-47E9-9C2D-48B81293B39B}"
EndProject
Project("{9A19103F-16F7-4668-BE54-9A1E7A4F7556}") = "Basket.API", "Services\Basket\Basket.API\Basket.API.csproj", "{FB87C2B7-6884-440A-A43B-26F30F1E32A0}"
EndProject
Project("{2150E333-8FDC-42A3-9474-1A3956D46DE8}") = "Discount", "Discount", "{F0726DAE-4B11-4660-AC8B-F06945ED6617}"
EndProject
Project("{9A19103F-16F7-4668-BE54-9A1E7A4F7556}") = "Discount.Grpc", "Services\Discount\Discount.Grpc\Discount.Grpc.csproj", "{E2004B9A-2790-4CBF-A488-5E5A5D0C6360}"
EndProject
Project("{2150E333-8FDC-42A3-9474-1A3956D46DE8}") = "Ordering", "Ordering", "{64FFF6E3-6543-4FD0-A467-18CB6E46A78C}"
EndProject
Project("{9A19103F-16F7-4668-BE54-9A1E7A4F7556}") = "Ordering.API", "Services\Ordering\Ordering.API\Ordering.API.csproj", "{591C1D97-B7C2-4E33-9119-F5A8C53AE98A}"
EndProject
Project("{9A19103F-16F7-4668-BE54-9A1E7A4F7556}") = "Ordering.Domain", "Services\Ordering\Ordering.Domain\Ordering.Domain.csproj", "{B841EFEF-8F87-4188-871D-3B1F49EB8FEC}"
EndProject
Project("{9A19103F-16F7-4668-BE54-9A1E7A4F7556}") = "Ordering.Application", "Services\Ordering\Ordering.Application\Ordering.Application.csproj", "{391ABA96-18C8-475C-8B83-5305A1D2AFE1}"
EndProject
Project("{9A19103F-16F7-4668-BE54-9A1E7A4F7556}") = "Ordering.Infrastructure", "Services\Ordering\Ordering.Infrastructure\Ordering.Infrastructure.csproj", "{ACDB2B38-BE78-4A4F-9FAD-29AE287FC665}"
EndProject
Project("{2150E333-8FDC-42A3-9474-1A3956D46DE8}") = "CrossCutting", "CrossCutting", "{A430E706-80D9-4156-8655-21F0B35D75E9}"
EndProject
Project("{9A19103F-16F7-4668-BE54-9A1E7A4F7556}") = "EventBus.Messages", "CrossCutting\EventBus.Messages\EventBus.Messages.csproj", "{EED1342B-7C97-4ADB-BCBE-346257AEFAFF}"
EndProject
Global
	GlobalSection(SolutionConfigurationPlatforms) = preSolution
		Debug|Any CPU = Debug|Any CPU
		Release|Any CPU = Release|Any CPU
	EndGlobalSection
	GlobalSection(ProjectConfigurationPlatforms) = postSolution
		{80F45B77-4DEA-480C-9855-E81CB498B537}.Debug|Any CPU.ActiveCfg = Debug|Any CPU
		{80F45B77-4DEA-480C-9855-E81CB498B537}.Debug|Any CPU.Build.0 = Debug|Any CPU
		{80F45B77-4DEA-480C-9855-E81CB498B537}.Release|Any CPU.ActiveCfg = Release|Any CPU
		{80F45B77-4DEA-480C-9855-E81CB498B537}.Release|Any CPU.Build.0 = Release|Any CPU
		{C46D424A-1309-421E-879C-98E7374243BC}.Debug|Any CPU.ActiveCfg = Debug|Any CPU
		{C46D424A-1309-421E-879C-98E7374243BC}.Debug|Any CPU.Build.0 = Debug|Any CPU
		{C46D424A-1309-421E-879C-98E7374243BC}.Release|Any CPU.ActiveCfg = Release|Any CPU
		{C46D424A-1309-421E-879C-98E7374243BC}.Release|Any CPU.Build.0 = Release|Any CPU
		{FB87C2B7-6884-440A-A43B-26F30F1E32A0}.Debug|Any CPU.ActiveCfg = Debug|Any CPU
		{FB87C2B7-6884-440A-A43B-26F30F1E32A0}.Debug|Any CPU.Build.0 = Debug|Any CPU
		{FB87C2B7-6884-440A-A43B-26F30F1E32A0}.Release|Any CPU.ActiveCfg = Release|Any CPU
		{FB87C2B7-6884-440A-A43B-26F30F1E32A0}.Release|Any CPU.Build.0 = Release|Any CPU
		{E2004B9A-2790-4CBF-A488-5E5A5D0C6360}.Debug|Any CPU.ActiveCfg = Debug|Any CPU
		{E2004B9A-2790-4CBF-A488-5E5A5D0C6360}.Debug|Any CPU.Build.0 = Debug|Any CPU
		{E2004B9A-2790-4CBF-A488-5E5A5D0C6360}.Release|Any CPU.ActiveCfg = Release|Any CPU
		{E2004B9A-2790-4CBF-A488-5E5A5D0C6360}.Release|Any CPU.Build.0 = Release|Any CPU
		{591C1D97-B7C2-4E33-9119-F5A8C53AE98A}.Debug|Any CPU.ActiveCfg = Debug|Any CPU
		{591C1D97-B7C2-4E33-9119-F5A8C53AE98A}.Debug|Any CPU.Build.0 = Debug|Any CPU
		{591C1D97-B7C2-4E33-9119-F5A8C53AE98A}.Release|Any CPU.ActiveCfg = Release|Any CPU
		{591C1D97-B7C2-4E33-9119-F5A8C53AE98A}.Release|Any CPU.Build.0 = Release|Any CPU
		{B841EFEF-8F87-4188-871D-3B1F49EB8FEC}.Debug|Any CPU.ActiveCfg = Debug|Any CPU
		{B841EFEF-8F87-4188-871D-3B1F49EB8FEC}.Debug|Any CPU.Build.0 = Debug|Any CPU
		{B841EFEF-8F87-4188-871D-3B1F49EB8FEC}.Release|Any CPU.ActiveCfg = Release|Any CPU
		{B841EFEF-8F87-4188-871D-3B1F49EB8FEC}.Release|Any CPU.Build.0 = Release|Any CPU
		{391ABA96-18C8-475C-8B83-5305A1D2AFE1}.Debug|Any CPU.ActiveCfg = Debug|Any CPU
		{391ABA96-18C8-475C-8B83-5305A1D2AFE1}.Debug|Any CPU.Build.0 = Debug|Any CPU
		{391ABA96-18C8-475C-8B83-5305A1D2AFE1}.Release|Any CPU.ActiveCfg = Release|Any CPU
		{391ABA96-18C8-475C-8B83-5305A1D2AFE1}.Release|Any CPU.Build.0 = Release|Any CPU
		{ACDB2B38-BE78-4A4F-9FAD-29AE287FC665}.Debug|Any CPU.ActiveCfg = Debug|Any CPU
		{ACDB2B38-BE78-4A4F-9FAD-29AE287FC665}.Debug|Any CPU.Build.0 = Debug|Any CPU
		{ACDB2B38-BE78-4A4F-9FAD-29AE287FC665}.Release|Any CPU.ActiveCfg = Release|Any CPU
		{ACDB2B38-BE78-4A4F-9FAD-29AE287FC665}.Release|Any CPU.Build.0 = Release|Any CPU
		{EED1342B-7C97-4ADB-BCBE-346257AEFAFF}.Debug|Any CPU.ActiveCfg = Debug|Any CPU
		{EED1342B-7C97-4ADB-BCBE-346257AEFAFF}.Debug|Any CPU.Build.0 = Debug|Any CPU
		{EED1342B-7C97-4ADB-BCBE-346257AEFAFF}.Release|Any CPU.ActiveCfg = Release|Any CPU
		{EED1342B-7C97-4ADB-BCBE-346257AEFAFF}.Release|Any CPU.Build.0 = Release|Any CPU
	EndGlobalSection
	GlobalSection(SolutionProperties) = preSolution
		HideSolutionNode = FALSE
	EndGlobalSection
	GlobalSection(NestedProjects) = preSolution
		{376DC054-D523-4785-B2F2-F7D46C6CE5F2} = {0E4F28CB-1450-4BB5-A0E1-1F976E729267}
		{80F45B77-4DEA-480C-9855-E81CB498B537} = {376DC054-D523-4785-B2F2-F7D46C6CE5F2}
		{CE458DDF-6D0B-47E9-9C2D-48B81293B39B} = {0E4F28CB-1450-4BB5-A0E1-1F976E729267}
		{FB87C2B7-6884-440A-A43B-26F30F1E32A0} = {CE458DDF-6D0B-47E9-9C2D-48B81293B39B}
		{F0726DAE-4B11-4660-AC8B-F06945ED6617} = {0E4F28CB-1450-4BB5-A0E1-1F976E729267}
		{E2004B9A-2790-4CBF-A488-5E5A5D0C6360} = {F0726DAE-4B11-4660-AC8B-F06945ED6617}
		{64FFF6E3-6543-4FD0-A467-18CB6E46A78C} = {0E4F28CB-1450-4BB5-A0E1-1F976E729267}
		{591C1D97-B7C2-4E33-9119-F5A8C53AE98A} = {64FFF6E3-6543-4FD0-A467-18CB6E46A78C}
		{B841EFEF-8F87-4188-871D-3B1F49EB8FEC} = {64FFF6E3-6543-4FD0-A467-18CB6E46A78C}
		{391ABA96-18C8-475C-8B83-5305A1D2AFE1} = {64FFF6E3-6543-4FD0-A467-18CB6E46A78C}
		{ACDB2B38-BE78-4A4F-9FAD-29AE287FC665} = {64FFF6E3-6543-4FD0-A467-18CB6E46A78C}
		{EED1342B-7C97-4ADB-BCBE-346257AEFAFF} = {A430E706-80D9-4156-8655-21F0B35D75E9}
	EndGlobalSection
	GlobalSection(ExtensibilityGlobals) = postSolution
		SolutionGuid = {4AD42396-D0EE-4553-9554-18768A451FAC}
	EndGlobalSection
EndGlobal
